// !$*UTF8*$!
{
	archiveVersion = 1;
	classes = {
	};
	objectVersion = 56;
	objects = {

/* Begin PBXBuildFile section */
		7C9AC0B72C677CFC009305B5 /* My_NotesApp.swift in Sources */ = {isa = PBXBuildFile; fileRef = 7C9AC0B62C677CFC009305B5 /* My_NotesApp.swift */; };
		7C9AC0B92C677CFC009305B5 /* Home.swift in Sources */ = {isa = PBXBuildFile; fileRef = 7C9AC0B82C677CFC009305B5 /* Home.swift */; };
		7C9AC0BB2C677CFE009305B5 /* Assets.xcassets in Resources */ = {isa = PBXBuildFile; fileRef = 7C9AC0BA2C677CFE009305B5 /* Assets.xcassets */; };
		7C9AC0BF2C677CFE009305B5 /* Preview Assets.xcassets in Resources */ = {isa = PBXBuildFile; fileRef = 7C9AC0BE2C677CFE009305B5 /* Preview Assets.xcassets */; };
		7C9AC0C92C677CFE009305B5 /* My_NotesTests.swift in Sources */ = {isa = PBXBuildFile; fileRef = 7C9AC0C82C677CFE009305B5 /* My_NotesTests.swift */; };
		7C9AC0D32C677CFE009305B5 /* My_NotesUITests.swift in Sources */ = {isa = PBXBuildFile; fileRef = 7C9AC0D22C677CFE009305B5 /* My_NotesUITests.swift */; };
		7C9AC0D52C677CFE009305B5 /* My_NotesUITestsLaunchTests.swift in Sources */ = {isa = PBXBuildFile; fileRef = 7C9AC0D42C677CFE009305B5 /* My_NotesUITestsLaunchTests.swift */; };
		7C9AC0E32C68A199009305B5 /* CreateNoteView.swift in Sources */ = {isa = PBXBuildFile; fileRef = 7C9AC0E22C68A199009305B5 /* CreateNoteView.swift */; };
		7C9AC0E52C694A7A009305B5 /* UpdateNoteView.swift in Sources */ = {isa = PBXBuildFile; fileRef = 7C9AC0E42C694A7A009305B5 /* UpdateNoteView.swift */; };
/* End PBXBuildFile section */

/* Begin PBXContainerItemProxy section */
		7C9AC0C52C677CFE009305B5 /* PBXContainerItemProxy */ = {
			isa = PBXContainerItemProxy;
			containerPortal = 7C9AC0AB2C677CFC009305B5 /* Project object */;
			proxyType = 1;
			remoteGlobalIDString = 7C9AC0B22C677CFC009305B5;
			remoteInfo = "My Notes";
		};
		7C9AC0CF2C677CFE009305B5 /* PBXContainerItemProxy */ = {
			isa = PBXContainerItemProxy;
			containerPortal = 7C9AC0AB2C677CFC009305B5 /* Project object */;
			proxyType = 1;
			remoteGlobalIDString = 7C9AC0B22C677CFC009305B5;
			remoteInfo = "My Notes";
		};
/* End PBXContainerItemProxy section */

/* Begin PBXFileReference section */
		7C9AC0B32C677CFC009305B5 /* My Notes.app */ = {isa = PBXFileReference; explicitFileType = wrapper.application; includeInIndex = 0; path = "My Notes.app"; sourceTree = BUILT_PRODUCTS_DIR; };
		7C9AC0B62C677CFC009305B5 /* My_NotesApp.swift */ = {isa = PBXFileReference; lastKnownFileType = sourcecode.swift; path = My_NotesApp.swift; sourceTree = "<group>"; };
		7C9AC0B82C677CFC009305B5 /* Home.swift */ = {isa = PBXFileReference; lastKnownFileType = sourcecode.swift; path = Home.swift; sourceTree = "<group>"; };
		7C9AC0BA2C677CFE009305B5 /* Assets.xcassets */ = {isa = PBXFileReference; lastKnownFileType = folder.assetcatalog; path = Assets.xcassets; sourceTree = "<group>"; };
		7C9AC0BC2C677CFE009305B5 /* My_Notes.entitlements */ = {isa = PBXFileReference; lastKnownFileType = text.plist.entitlements; path = My_Notes.entitlements; sourceTree = "<group>"; };
		7C9AC0BE2C677CFE009305B5 /* Preview Assets.xcassets */ = {isa = PBXFileReference; lastKnownFileType = folder.assetcatalog; path = "Preview Assets.xcassets"; sourceTree = "<group>"; };
		7C9AC0C42C677CFE009305B5 /* My NotesTests.xctest */ = {isa = PBXFileReference; explicitFileType = wrapper.cfbundle; includeInIndex = 0; path = "My NotesTests.xctest"; sourceTree = BUILT_PRODUCTS_DIR; };
		7C9AC0C82C677CFE009305B5 /* My_NotesTests.swift */ = {isa = PBXFileReference; lastKnownFileType = sourcecode.swift; path = My_NotesTests.swift; sourceTree = "<group>"; };
		7C9AC0CE2C677CFE009305B5 /* My NotesUITests.xctest */ = {isa = PBXFileReference; explicitFileType = wrapper.cfbundle; includeInIndex = 0; path = "My NotesUITests.xctest"; sourceTree = BUILT_PRODUCTS_DIR; };
		7C9AC0D22C677CFE009305B5 /* My_NotesUITests.swift */ = {isa = PBXFileReference; lastKnownFileType = sourcecode.swift; path = My_NotesUITests.swift; sourceTree = "<group>"; };
		7C9AC0D42C677CFE009305B5 /* My_NotesUITestsLaunchTests.swift */ = {isa = PBXFileReference; lastKnownFileType = sourcecode.swift; path = My_NotesUITestsLaunchTests.swift; sourceTree = "<group>"; };
		7C9AC0E12C68981B009305B5 /* My-Notes-Info.plist */ = {isa = PBXFileReference; lastKnownFileType = text.plist; path = "My-Notes-Info.plist"; sourceTree = SOURCE_ROOT; };
		7C9AC0E22C68A199009305B5 /* CreateNoteView.swift */ = {isa = PBXFileReference; lastKnownFileType = sourcecode.swift; path = CreateNoteView.swift; sourceTree = "<group>"; };
		7C9AC0E42C694A7A009305B5 /* UpdateNoteView.swift */ = {isa = PBXFileReference; lastKnownFileType = sourcecode.swift; path = UpdateNoteView.swift; sourceTree = "<group>"; };
/* End PBXFileReference section */

/* Begin PBXFrameworksBuildPhase section */
		7C9AC0B02C677CFC009305B5 /* Frameworks */ = {
			isa = PBXFrameworksBuildPhase;
			buildActionMask = 2147483647;
			files = (
			);
			runOnlyForDeploymentPostprocessing = 0;
		};
		7C9AC0C12C677CFE009305B5 /* Frameworks */ = {
			isa = PBXFrameworksBuildPhase;
			buildActionMask = 2147483647;
			files = (
			);
			runOnlyForDeploymentPostprocessing = 0;
		};
		7C9AC0CB2C677CFE009305B5 /* Frameworks */ = {
			isa = PBXFrameworksBuildPhase;
			buildActionMask = 2147483647;
			files = (
			);
			runOnlyForDeploymentPostprocessing = 0;
		};
/* End PBXFrameworksBuildPhase section */

/* Begin PBXGroup section */
		7C9AC0AA2C677CFC009305B5 = {
			isa = PBXGroup;
			children = (
				7C9AC0B52C677CFC009305B5 /* My Notes */,
				7C9AC0C72C677CFE009305B5 /* My NotesTests */,
				7C9AC0D12C677CFE009305B5 /* My NotesUITests */,
				7C9AC0B42C677CFC009305B5 /* Products */,
			);
			sourceTree = "<group>";
		};
		7C9AC0B42C677CFC009305B5 /* Products */ = {
			isa = PBXGroup;
			children = (
				7C9AC0B32C677CFC009305B5 /* My Notes.app */,
				7C9AC0C42C677CFE009305B5 /* My NotesTests.xctest */,
				7C9AC0CE2C677CFE009305B5 /* My NotesUITests.xctest */,
			);
			name = Products;
			sourceTree = "<group>";
		};
		7C9AC0B52C677CFC009305B5 /* My Notes */ = {
			isa = PBXGroup;
			children = (
				7C9AC0E12C68981B009305B5 /* My-Notes-Info.plist */,
				7C9AC0B62C677CFC009305B5 /* My_NotesApp.swift */,
				7C9AC0B82C677CFC009305B5 /* Home.swift */,
				7C9AC0BA2C677CFE009305B5 /* Assets.xcassets */,
				7C9AC0BC2C677CFE009305B5 /* My_Notes.entitlements */,
				7C9AC0BD2C677CFE009305B5 /* Preview Content */,
				7C9AC0E22C68A199009305B5 /* CreateNoteView.swift */,
				7C9AC0E42C694A7A009305B5 /* UpdateNoteView.swift */,
			);
			path = "My Notes";
			sourceTree = "<group>";
		};
		7C9AC0BD2C677CFE009305B5 /* Preview Content */ = {
			isa = PBXGroup;
			children = (
				7C9AC0BE2C677CFE009305B5 /* Preview Assets.xcassets */,
			);
			path = "Preview Content";
			sourceTree = "<group>";
		};
		7C9AC0C72C677CFE009305B5 /* My NotesTests */ = {
			isa = PBXGroup;
			children = (
				7C9AC0C82C677CFE009305B5 /* My_NotesTests.swift */,
			);
			path = "My NotesTests";
			sourceTree = "<group>";
		};
		7C9AC0D12C677CFE009305B5 /* My NotesUITests */ = {
			isa = PBXGroup;
			children = (
				7C9AC0D22C677CFE009305B5 /* My_NotesUITests.swift */,
				7C9AC0D42C677CFE009305B5 /* My_NotesUITestsLaunchTests.swift */,
			);
			path = "My NotesUITests";
			sourceTree = "<group>";
		};
/* End PBXGroup section */

/* Begin PBXNativeTarget section */
		7C9AC0B22C677CFC009305B5 /* My Notes */ = {
			isa = PBXNativeTarget;
			buildConfigurationList = 7C9AC0D82C677CFE009305B5 /* Build configuration list for PBXNativeTarget "My Notes" */;
			buildPhases = (
				7C9AC0AF2C677CFC009305B5 /* Sources */,
				7C9AC0B02C677CFC009305B5 /* Frameworks */,
				7C9AC0B12C677CFC009305B5 /* Resources */,
			);
			buildRules = (
			);
			dependencies = (
			);
			name = "My Notes";
			productName = "My Notes";
			productReference = 7C9AC0B32C677CFC009305B5 /* My Notes.app */;
			productType = "com.apple.product-type.application";
		};
		7C9AC0C32C677CFE009305B5 /* My NotesTests */ = {
			isa = PBXNativeTarget;
			buildConfigurationList = 7C9AC0DB2C677CFE009305B5 /* Build configuration list for PBXNativeTarget "My NotesTests" */;
			buildPhases = (
				7C9AC0C02C677CFE009305B5 /* Sources */,
				7C9AC0C12C677CFE009305B5 /* Frameworks */,
				7C9AC0C22C677CFE009305B5 /* Resources */,
			);
			buildRules = (
			);
			dependencies = (
				7C9AC0C62C677CFE009305B5 /* PBXTargetDependency */,
			);
			name = "My NotesTests";
			productName = "My NotesTests";
			productReference = 7C9AC0C42C677CFE009305B5 /* My NotesTests.xctest */;
			productType = "com.apple.product-type.bundle.unit-test";
		};
		7C9AC0CD2C677CFE009305B5 /* My NotesUITests */ = {
			isa = PBXNativeTarget;
			buildConfigurationList = 7C9AC0DE2C677CFE009305B5 /* Build configuration list for PBXNativeTarget "My NotesUITests" */;
			buildPhases = (
				7C9AC0CA2C677CFE009305B5 /* Sources */,
				7C9AC0CB2C677CFE009305B5 /* Frameworks */,
				7C9AC0CC2C677CFE009305B5 /* Resources */,
			);
			buildRules = (
			);
			dependencies = (
				7C9AC0D02C677CFE009305B5 /* PBXTargetDependency */,
			);
			name = "My NotesUITests";
			productName = "My NotesUITests";
			productReference = 7C9AC0CE2C677CFE009305B5 /* My NotesUITests.xctest */;
			productType = "com.apple.product-type.bundle.ui-testing";
		};
/* End PBXNativeTarget section */

/* Begin PBXProject section */
		7C9AC0AB2C677CFC009305B5 /* Project object */ = {
			isa = PBXProject;
			attributes = {
				BuildIndependentTargetsInParallel = 1;
				LastSwiftUpdateCheck = 1400;
				LastUpgradeCheck = 1400;
				TargetAttributes = {
					7C9AC0B22C677CFC009305B5 = {
						CreatedOnToolsVersion = 14.0;
					};
					7C9AC0C32C677CFE009305B5 = {
						CreatedOnToolsVersion = 14.0;
						TestTargetID = 7C9AC0B22C677CFC009305B5;
					};
					7C9AC0CD2C677CFE009305B5 = {
						CreatedOnToolsVersion = 14.0;
						TestTargetID = 7C9AC0B22C677CFC009305B5;
					};
				};
			};
			buildConfigurationList = 7C9AC0AE2C677CFC009305B5 /* Build configuration list for PBXProject "My Notes" */;
			compatibilityVersion = "Xcode 14.0";
			developmentRegion = en;
			hasScannedForEncodings = 0;
			knownRegions = (
				en,
				Base,
			);
			mainGroup = 7C9AC0AA2C677CFC009305B5;
			productRefGroup = 7C9AC0B42C677CFC009305B5 /* Products */;
			projectDirPath = "";
			projectRoot = "";
			targets = (
				7C9AC0B22C677CFC009305B5 /* My Notes */,
				7C9AC0C32C677CFE009305B5 /* My NotesTests */,
				7C9AC0CD2C677CFE009305B5 /* My NotesUITests */,
			);
		};
/* End PBXProject section */

/* Begin PBXResourcesBuildPhase section */
		7C9AC0B12C677CFC009305B5 /* Resources */ = {
			isa = PBXResourcesBuildPhase;
			buildActionMask = 2147483647;
			files = (
				7C9AC0BF2C677CFE009305B5 /* Preview Assets.xcassets in Resources */,
				7C9AC0BB2C677CFE009305B5 /* Assets.xcassets in Resources */,
			);
			runOnlyForDeploymentPostprocessing = 0;
		};
		7C9AC0C22C677CFE009305B5 /* Resources */ = {
			isa = PBXResourcesBuildPhase;
			buildActionMask = 2147483647;
			files = (
			);
			runOnlyForDeploymentPostprocessing = 0;
		};
		7C9AC0CC2C677CFE009305B5 /* Resources */ = {
			isa = PBXResourcesBuildPhase;
			buildActionMask = 2147483647;
			files = (
			);
			runOnlyForDeploymentPostprocessing = 0;
		};
/* End PBXResourcesBuildPhase section */

/* Begin PBXSourcesBuildPhase section */
		7C9AC0AF2C677CFC009305B5 /* Sources */ = {
			isa = PBXSourcesBuildPhase;
			buildActionMask = 2147483647;
			files = (
				7C9AC0B92C677CFC009305B5 /* Home.swift in Sources */,
				7C9AC0B72C677CFC009305B5 /* My_NotesApp.swift in Sources */,
				7C9AC0E32C68A199009305B5 /* CreateNoteView.swift in Sources */,
				7C9AC0E52C694A7A009305B5 /* UpdateNoteView.swift in Sources */,
			);
			runOnlyForDeploymentPostprocessing = 0;
		};
		7C9AC0C02C677CFE009305B5 /* Sources */ = {
			isa = PBXSourcesBuildPhase;
			buildActionMask = 2147483647;
			files = (
				7C9AC0C92C677CFE009305B5 /* My_NotesTests.swift in Sources */,
			);
			runOnlyForDeploymentPostprocessing = 0;
		};
		7C9AC0CA2C677CFE009305B5 /* Sources */ = {
			isa = PBXSourcesBuildPhase;
			buildActionMask = 2147483647;
			files = (
				7C9AC0D52C677CFE009305B5 /* My_NotesUITestsLaunchTests.swift in Sources */,
				7C9AC0D32C677CFE009305B5 /* My_NotesUITests.swift in Sources */,
			);
			runOnlyForDeploymentPostprocessing = 0;
		};
/* End PBXSourcesBuildPhase section */

/* Begin PBXTargetDependency section */
		7C9AC0C62C677CFE009305B5 /* PBXTargetDependency */ = {
			isa = PBXTargetDependency;
			target = 7C9AC0B22C677CFC009305B5 /* My Notes */;
			targetProxy = 7C9AC0C52C677CFE009305B5 /* PBXContainerItemProxy */;
		};
		7C9AC0D02C677CFE009305B5 /* PBXTargetDependency */ = {
			isa = PBXTargetDependency;
			target = 7C9AC0B22C677CFC009305B5 /* My Notes */;
			targetProxy = 7C9AC0CF2C677CFE009305B5 /* PBXContainerItemProxy */;
		};
/* End PBXTargetDependency section */

/* Begin XCBuildConfiguration section */
		7C9AC0D62C677CFE009305B5 /* Debug */ = {
			isa = XCBuildConfiguration;
			buildSettings = {
				ALWAYS_SEARCH_USER_PATHS = NO;
				CLANG_ANALYZER_NONNULL = YES;
				CLANG_ANALYZER_NUMBER_OBJECT_CONVERSION = YES_AGGRESSIVE;
				CLANG_CXX_LANGUAGE_STANDARD = "gnu++20";
				CLANG_ENABLE_MODULES = YES;
				CLANG_ENABLE_OBJC_ARC = YES;
				CLANG_ENABLE_OBJC_WEAK = YES;
				CLANG_WARN_BLOCK_CAPTURE_AUTORELEASING = YES;
				CLANG_WARN_BOOL_CONVERSION = YES;
				CLANG_WARN_COMMA = YES;
				CLANG_WARN_CONSTANT_CONVERSION = YES;
				CLANG_WARN_DEPRECATED_OBJC_IMPLEMENTATIONS = YES;
				CLANG_WARN_DIRECT_OBJC_ISA_USAGE = YES_ERROR;
				CLANG_WARN_DOCUMENTATION_COMMENTS = YES;
				CLANG_WARN_EMPTY_BODY = YES;
				CLANG_WARN_ENUM_CONVERSION = YES;
				CLANG_WARN_INFINITE_RECURSION = YES;
				CLANG_WARN_INT_CONVERSION = YES;
				CLANG_WARN_NON_LITERAL_NULL_CONVERSION = YES;
				CLANG_WARN_OBJC_IMPLICIT_RETAIN_SELF = YES;
				CLANG_WARN_OBJC_LITERAL_CONVERSION = YES;
				CLANG_WARN_OBJC_ROOT_CLASS = YES_ERROR;
				CLANG_WARN_QUOTED_INCLUDE_IN_FRAMEWORK_HEADER = YES;
				CLANG_WARN_RANGE_LOOP_ANALYSIS = YES;
				CLANG_WARN_STRICT_PROTOTYPES = YES;
				CLANG_WARN_SUSPICIOUS_MOVE = YES;
				CLANG_WARN_UNGUARDED_AVAILABILITY = YES_AGGRESSIVE;
				CLANG_WARN_UNREACHABLE_CODE = YES;
				CLANG_WARN__DUPLICATE_METHOD_MATCH = YES;
				COPY_PHASE_STRIP = NO;
				DEBUG_INFORMATION_FORMAT = dwarf;
				ENABLE_STRICT_OBJC_MSGSEND = YES;
				ENABLE_TESTABILITY = YES;
				GCC_C_LANGUAGE_STANDARD = gnu11;
				GCC_DYNAMIC_NO_PIC = NO;
				GCC_NO_COMMON_BLOCKS = YES;
				GCC_OPTIMIZATION_LEVEL = 0;
				GCC_PREPROCESSOR_DEFINITIONS = (
					"DEBUG=1",
					"$(inherited)",
				);
				GCC_WARN_64_TO_32_BIT_CONVERSION = YES;
				GCC_WARN_ABOUT_RETURN_TYPE = YES_ERROR;
				GCC_WARN_UNDECLARED_SELECTOR = YES;
				GCC_WARN_UNINITIALIZED_AUTOS = YES_AGGRESSIVE;
				GCC_WARN_UNUSED_FUNCTION = YES;
				GCC_WARN_UNUSED_VARIABLE = YES;
				MTL_ENABLE_DEBUG_INFO = INCLUDE_SOURCE;
				MTL_FAST_MATH = YES;
				ONLY_ACTIVE_ARCH = YES;
				SWIFT_ACTIVE_COMPILATION_CONDITIONS = DEBUG;
				SWIFT_OPTIMIZATION_LEVEL = "-Onone";
			};
			name = Debug;
		};
		7C9AC0D72C677CFE009305B5 /* Release */ = {
			isa = XCBuildConfiguration;
			buildSettings = {
				ALWAYS_SEARCH_USER_PATHS = NO;
				CLANG_ANALYZER_NONNULL = YES;
				CLANG_ANALYZER_NUMBER_OBJECT_CONVERSION = YES_AGGRESSIVE;
				CLANG_CXX_LANGUAGE_STANDARD = "gnu++20";
				CLANG_ENABLE_MODULES = YES;
				CLANG_ENABLE_OBJC_ARC = YES;
				CLANG_ENABLE_OBJC_WEAK = YES;
				CLANG_WARN_BLOCK_CAPTURE_AUTORELEASING = YES;
				CLANG_WARN_BOOL_CONVERSION = YES;
				CLANG_WARN_COMMA = YES;
				CLANG_WARN_CONSTANT_CONVERSION = YES;
				CLANG_WARN_DEPRECATED_OBJC_IMPLEMENTATIONS = YES;
				CLANG_WARN_DIRECT_OBJC_ISA_USAGE = YES_ERROR;
				CLANG_WARN_DOCUMENTATION_COMMENTS = YES;
				CLANG_WARN_EMPTY_BODY = YES;
				CLANG_WARN_ENUM_CONVERSION = YES;
				CLANG_WARN_INFINITE_RECURSION = YES;
				CLANG_WARN_INT_CONVERSION = YES;
				CLANG_WARN_NON_LITERAL_NULL_CONVERSION = YES;
				CLANG_WARN_OBJC_IMPLICIT_RETAIN_SELF = YES;
				CLANG_WARN_OBJC_LITERAL_CONVERSION = YES;
				CLANG_WARN_OBJC_ROOT_CLASS = YES_ERROR;
				CLANG_WARN_QUOTED_INCLUDE_IN_FRAMEWORK_HEADER = YES;
				CLANG_WARN_RANGE_LOOP_ANALYSIS = YES;
				CLANG_WARN_STRICT_PROTOTYPES = YES;
				CLANG_WARN_SUSPICIOUS_MOVE = YES;
				CLANG_WARN_UNGUARDED_AVAILABILITY = YES_AGGRESSIVE;
				CLANG_WARN_UNREACHABLE_CODE = YES;
				CLANG_WARN__DUPLICATE_METHOD_MATCH = YES;
				COPY_PHASE_STRIP = NO;
				DEBUG_INFORMATION_FORMAT = "dwarf-with-dsym";
				ENABLE_NS_ASSERTIONS = NO;
				ENABLE_STRICT_OBJC_MSGSEND = YES;
				GCC_C_LANGUAGE_STANDARD = gnu11;
				GCC_NO_COMMON_BLOCKS = YES;
				GCC_WARN_64_TO_32_BIT_CONVERSION = YES;
				GCC_WARN_ABOUT_RETURN_TYPE = YES_ERROR;
				GCC_WARN_UNDECLARED_SELECTOR = YES;
				GCC_WARN_UNINITIALIZED_AUTOS = YES_AGGRESSIVE;
				GCC_WARN_UNUSED_FUNCTION = YES;
				GCC_WARN_UNUSED_VARIABLE = YES;
				MTL_ENABLE_DEBUG_INFO = NO;
				MTL_FAST_MATH = YES;
				SWIFT_COMPILATION_MODE = wholemodule;
				SWIFT_OPTIMIZATION_LEVEL = "-O";
			};
			name = Release;
		};
		7C9AC0D92C677CFE009305B5 /* Debug */ = {
			isa = XCBuildConfiguration;
			buildSettings = {
				ASSETCATALOG_COMPILER_APPICON_NAME = AppIcon;
				ASSETCATALOG_COMPILER_GLOBAL_ACCENT_COLOR_NAME = AccentColor;
				CODE_SIGN_ENTITLEMENTS = "My Notes/My_Notes.entitlements";
				CODE_SIGN_STYLE = Automatic;
				CURRENT_PROJECT_VERSION = 1;
				DEVELOPMENT_ASSET_PATHS = "\"My Notes/Preview Content\"";
				DEVELOPMENT_TEAM = VYVG3GJT76;
				ENABLE_HARDENED_RUNTIME = YES;
				ENABLE_PREVIEWS = YES;
				GENERATE_INFOPLIST_FILE = YES;
				INFOPLIST_FILE = "My-Notes-Info.plist";
				"INFOPLIST_KEY_UIApplicationSceneManifest_Generation[sdk=iphoneos*]" = YES;
				"INFOPLIST_KEY_UIApplicationSceneManifest_Generation[sdk=iphonesimulator*]" = YES;
				"INFOPLIST_KEY_UIApplicationSupportsIndirectInputEvents[sdk=iphoneos*]" = YES;
				"INFOPLIST_KEY_UIApplicationSupportsIndirectInputEvents[sdk=iphonesimulator*]" = YES;
				"INFOPLIST_KEY_UILaunchScreen_Generation[sdk=iphoneos*]" = YES;
				"INFOPLIST_KEY_UILaunchScreen_Generation[sdk=iphonesimulator*]" = YES;
				"INFOPLIST_KEY_UIStatusBarStyle[sdk=iphoneos*]" = UIStatusBarStyleDefault;
				"INFOPLIST_KEY_UIStatusBarStyle[sdk=iphonesimulator*]" = UIStatusBarStyleDefault;
				INFOPLIST_KEY_UISupportedInterfaceOrientations_iPad = "UIInterfaceOrientationPortrait UIInterfaceOrientationPortraitUpsideDown UIInterfaceOrientationLandscapeLeft UIInterfaceOrientationLandscapeRight";
				INFOPLIST_KEY_UISupportedInterfaceOrientations_iPhone = "UIInterfaceOrientationPortrait UIInterfaceOrientationLandscapeLeft UIInterfaceOrientationLandscapeRight";
				IPHONEOS_DEPLOYMENT_TARGET = 16.0;
				LD_RUNPATH_SEARCH_PATHS = "@executable_path/Frameworks";
				"LD_RUNPATH_SEARCH_PATHS[sdk=macosx*]" = "@executable_path/../Frameworks";
				MACOSX_DEPLOYMENT_TARGET = 12.3;
				MARKETING_VERSION = 1.0;
				PRODUCT_BUNDLE_IDENTIFIER = "mhrapps.My-Notes";
				PRODUCT_NAME = "$(TARGET_NAME)";
				SDKROOT = auto;
				SUPPORTED_PLATFORMS = "iphoneos iphonesimulator macosx";
				SWIFT_EMIT_LOC_STRINGS = YES;
				SWIFT_VERSION = 5.0;
				TARGETED_DEVICE_FAMILY = "1,2";
			};
			name = Debug;
		};
		7C9AC0DA2C677CFE009305B5 /* Release */ = {
			isa = XCBuildConfiguration;
			buildSettings = {
				ASSETCATALOG_COMPILER_APPICON_NAME = AppIcon;
				ASSETCATALOG_COMPILER_GLOBAL_ACCENT_COLOR_NAME = AccentColor;
				CODE_SIGN_ENTITLEMENTS = "My Notes/My_Notes.entitlements";
				CODE_SIGN_STYLE = Automatic;
				CURRENT_PROJECT_VERSION = 1;
				DEVELOPMENT_ASSET_PATHS = "\"My Notes/Preview Content\"";
				DEVELOPMENT_TEAM = VYVG3GJT76;
				ENABLE_HARDENED_RUNTIME = YES;
				ENABLE_PREVIEWS = YES;
				GENERATE_INFOPLIST_FILE = YES;
				INFOPLIST_FILE = "My-Notes-Info.plist";
				"INFOPLIST_KEY_UIApplicationSceneManifest_Generation[sdk=iphoneos*]" = YES;
				"INFOPLIST_KEY_UIApplicationSceneManifest_Generation[sdk=iphonesimulator*]" = YES;
				"INFOPLIST_KEY_UIApplicationSupportsIndirectInputEvents[sdk=iphoneos*]" = YES;
				"INFOPLIST_KEY_UIApplicationSupportsIndirectInputEvents[sdk=iphonesimulator*]" = YES;
				"INFOPLIST_KEY_UILaunchScreen_Generation[sdk=iphoneos*]" = YES;
				"INFOPLIST_KEY_UILaunchScreen_Generation[sdk=iphonesimulator*]" = YES;
				"INFOPLIST_KEY_UIStatusBarStyle[sdk=iphoneos*]" = UIStatusBarStyleDefault;
				"INFOPLIST_KEY_UIStatusBarStyle[sdk=iphonesimulator*]" = UIStatusBarStyleDefault;
				INFOPLIST_KEY_UISupportedInterfaceOrientations_iPad = "UIInterfaceOrientationPortrait UIInterfaceOrientationPortraitUpsideDown UIInterfaceOrientationLandscapeLeft UIInterfaceOrientationLandscapeRight";
				INFOPLIST_KEY_UISupportedInterfaceOrientations_iPhone = "UIInterfaceOrientationPortrait UIInterfaceOrientationLandscapeLeft UIInterfaceOrientationLandscapeRight";
				IPHONEOS_DEPLOYMENT_TARGET = 16.0;
				LD_RUNPATH_SEARCH_PATHS = "@executable_path/Frameworks";
				"LD_RUNPATH_SEARCH_PATHS[sdk=macosx*]" = "@executable_path/../Frameworks";
				MACOSX_DEPLOYMENT_TARGET = 12.3;
				MARKETING_VERSION = 1.0;
				PRODUCT_BUNDLE_IDENTIFIER = "mhrapps.My-Notes";
				PRODUCT_NAME = "$(TARGET_NAME)";
				SDKROOT = auto;
				SUPPORTED_PLATFORMS = "iphoneos iphonesimulator macosx";
				SWIFT_EMIT_LOC_STRINGS = YES;
				SWIFT_VERSION = 5.0;
				TARGETED_DEVICE_FAMILY = "1,2";
			};
			name = Release;
		};
		7C9AC0DC2C677CFE009305B5 /* Debug */ = {
			isa = XCBuildConfiguration;
			buildSettings = {
				ALWAYS_EMBED_SWIFT_STANDARD_LIBRARIES = YES;
				BUNDLE_LOADER = "$(TEST_HOST)";
				CODE_SIGN_STYLE = Automatic;
				CURRENT_PROJECT_VERSION = 1;
				DEVELOPMENT_TEAM = VYVG3GJT76;
				GENERATE_INFOPLIST_FILE = YES;
				IPHONEOS_DEPLOYMENT_TARGET = 16.0;
				MACOSX_DEPLOYMENT_TARGET = 12.3;
				MARKETING_VERSION = 1.0;
				PRODUCT_BUNDLE_IDENTIFIER = "mhrapps.My-NotesTests";
				PRODUCT_NAME = "$(TARGET_NAME)";
				SDKROOT = auto;
				SUPPORTED_PLATFORMS = "iphoneos iphonesimulator macosx";
				SWIFT_EMIT_LOC_STRINGS = NO;
				SWIFT_VERSION = 5.0;
				TARGETED_DEVICE_FAMILY = "1,2";
				TEST_HOST = "$(BUILT_PRODUCTS_DIR)/My Notes.app/$(BUNDLE_EXECUTABLE_FOLDER_PATH)/My Notes";
			};
			name = Debug;
		};
		7C9AC0DD2C677CFE009305B5 /* Release */ = {
			isa = XCBuildConfiguration;
			buildSettings = {
				ALWAYS_EMBED_SWIFT_STANDARD_LIBRARIES = YES;
				BUNDLE_LOADER = "$(TEST_HOST)";
				CODE_SIGN_STYLE = Automatic;
				CURRENT_PROJECT_VERSION = 1;
				DEVELOPMENT_TEAM = VYVG3GJT76;
				GENERATE_INFOPLIST_FILE = YES;
				IPHONEOS_DEPLOYMENT_TARGET = 16.0;
				MACOSX_DEPLOYMENT_TARGET = 12.3;
				MARKETING_VERSION = 1.0;
				PRODUCT_BUNDLE_IDENTIFIER = "mhrapps.My-NotesTests";
				PRODUCT_NAME = "$(TARGET_NAME)";
				SDKROOT = auto;
				SUPPORTED_PLATFORMS = "iphoneos iphonesimulator macosx";
				SWIFT_EMIT_LOC_STRINGS = NO;
				SWIFT_VERSION = 5.0;
				TARGETED_DEVICE_FAMILY = "1,2";
				TEST_HOST = "$(BUILT_PRODUCTS_DIR)/My Notes.app/$(BUNDLE_EXECUTABLE_FOLDER_PATH)/My Notes";
			};
			name = Release;
		};
		7C9AC0DF2C677CFE009305B5 /* Debug */ = {
			isa = XCBuildConfiguration;
			buildSettings = {
				ALWAYS_EMBED_SWIFT_STANDARD_LIBRARIES = YES;
				CODE_SIGN_STYLE = Automatic;
				CURRENT_PROJECT_VERSION = 1;
				DEVELOPMENT_TEAM = VYVG3GJT76;
				GENERATE_INFOPLIST_FILE = YES;
				IPHONEOS_DEPLOYMENT_TARGET = 16.0;
				MACOSX_DEPLOYMENT_TARGET = 12.3;
				MARKETING_VERSION = 1.0;
				PRODUCT_BUNDLE_IDENTIFIER = "mhrapps.My-NotesUITests";
				PRODUCT_NAME = "$(TARGET_NAME)";
				SDKROOT = auto;
				SUPPORTED_PLATFORMS = "iphoneos iphonesimulator macosx";
				SWIFT_EMIT_LOC_STRINGS = NO;
				SWIFT_VERSION = 5.0;
				TARGETED_DEVICE_FAMILY = "1,2";
				TEST_TARGET_NAME = "My Notes";
			};
			name = Debug;
		};
		7C9AC0E02C677CFE009305B5 /* Release */ = {
			isa = XCBuildConfiguration;
			buildSettings = {
				ALWAYS_EMBED_SWIFT_STANDARD_LIBRARIES = YES;
				CODE_SIGN_STYLE = Automatic;
				CURRENT_PROJECT_VERSION = 1;
				DEVELOPMENT_TEAM = VYVG3GJT76;
				GENERATE_INFOPLIST_FILE = YES;
				IPHONEOS_DEPLOYMENT_TARGET = 16.0;
				MACOSX_DEPLOYMENT_TARGET = 12.3;
				MARKETING_VERSION = 1.0;
				PRODUCT_BUNDLE_IDENTIFIER = "mhrapps.My-NotesUITests";
				PRODUCT_NAME = "$(TARGET_NAME)";
				SDKROOT = auto;
				SUPPORTED_PLATFORMS = "iphoneos iphonesimulator macosx";
				SWIFT_EMIT_LOC_STRINGS = NO;
				SWIFT_VERSION = 5.0;
				TARGETED_DEVICE_FAMILY = "1,2";
				TEST_TARGET_NAME = "My Notes";
			};
			name = Release;
		};
/* End XCBuildConfiguration section */

/* Begin XCConfigurationList section */
		7C9AC0AE2C677CFC009305B5 /* Build configuration list for PBXProject "My Notes" */ = {
			isa = XCConfigurationList;
			buildConfigurations = (
				7C9AC0D62C677CFE009305B5 /* Debug */,
				7C9AC0D72C677CFE009305B5 /* Release */,
			);
			defaultConfigurationIsVisible = 0;
			defaultConfigurationName = Release;
		};
		7C9AC0D82C677CFE009305B5 /* Build configuration list for PBXNativeTarget "My Notes" */ = {
			isa = XCConfigurationList;
			buildConfigurations = (
				7C9AC0D92C677CFE009305B5 /* Debug */,
				7C9AC0DA2C677CFE009305B5 /* Release */,
			);
			defaultConfigurationIsVisible = 0;
			defaultConfigurationName = Release;
		};
		7C9AC0DB2C677CFE009305B5 /* Build configuration list for PBXNativeTarget "My NotesTests" */ = {
			isa = XCConfigurationList;
			buildConfigurations = (
				7C9AC0DC2C677CFE009305B5 /* Debug */,
				7C9AC0DD2C677CFE009305B5 /* Release */,
			);
			defaultConfigurationIsVisible = 0;
			defaultConfigurationName = Release;
		};
		7C9AC0DE2C677CFE009305B5 /* Build configuration list for PBXNativeTarget "My NotesUITests" */ = {
			isa = XCConfigurationList;
			buildConfigurations = (
				7C9AC0DF2C677CFE009305B5 /* Debug */,
				7C9AC0E02C677CFE009305B5 /* Release */,
			);
			defaultConfigurationIsVisible = 0;
			defaultConfigurationName = Release;
		};
/* End XCConfigurationList section */
	};
	rootObject = 7C9AC0AB2C677CFC009305B5 /* Project object */;
}
